
Microsoft Visual Studio Solution File, Format Version 12.00
# Visual Studio Version 16
VisualStudioVersion = 16.0.31727.386
MinimumVisualStudioVersion = 10.0.40219.1
Project("{FAE04EC0-301F-11D3-BF4B-00C04F79EFBC}") = "XML", "XML\XML.csproj", "{D5019880-EFFA-4568-A798-727147DF5212}"
EndProject
Global
	GlobalSection(SolutionConfigurationPlatforms) = preSolution
		Debug|Any CPU = Debug|Any CPU
		Release|Any CPU = Release|Any CPU
	EndGlobalSection
	GlobalSection(ProjectConfigurationPlatforms) = postSolution
		{D5019880-EFFA-4568-A798-727147DF5212}.Debug|Any CPU.ActiveCfg = Debug|Any CPU
		{D5019880-EFFA-4568-A798-727147DF5212}.Debug|Any CPU.Build.0 = Debug|Any CPU
		{D5019880-EFFA-4568-A798-727147DF5212}.Release|Any CPU.ActiveCfg = Release|Any CPU
		{D5019880-EFFA-4568-A798-727147DF5212}.Release|Any CPU.Build.0 = Release|Any CPU
	EndGlobalSection
	GlobalSection(SolutionProperties) = preSolution
		HideSolutionNode = FALSE
	EndGlobalSection
	GlobalSection(ExtensibilityGlobals) = postSolution
		SolutionGuid = {F7CD458D-4C99-40E0-9E1E-CA03F1E2E49A}
	EndGlobalSection
EndGlobal
